// !$*UTF8*$!
{
	archiveVersion = 1;
	classes = {
	};
	objectVersion = 46;
	objects = {

/* Begin PBXBuildFile section */
		840388F21DD6CB2C00ADC12F /* GameOver.swift in Sources */ = {isa = PBXBuildFile; fileRef = 840388F11DD6CB2C00ADC12F /* GameOver.swift */; };
		8450B54F1DD99DFF0090832E /* SoundPlayerBullet.wav in Resources */ = {isa = PBXBuildFile; fileRef = 8450B54E1DD99DFF0090832E /* SoundPlayerBullet.wav */; };
		8450B5511DD99F8F0090832E /* SoundEnemyBullet.wav in Resources */ = {isa = PBXBuildFile; fileRef = 8450B5501DD99F8F0090832E /* SoundEnemyBullet.wav */; };
		8450B5531DD9A0970090832E /* HitEnemy.wav in Resources */ = {isa = PBXBuildFile; fileRef = 8450B5521DD9A0970090832E /* HitEnemy.wav */; };
		8450B5561DD9A1F40090832E /* HitPlayer.wav in Resources */ = {isa = PBXBuildFile; fileRef = 8450B5541DD9A1F40090832E /* HitPlayer.wav */; };
		8450B5571DD9A1F40090832E /* HitPlayerGameover.wav in Resources */ = {isa = PBXBuildFile; fileRef = 8450B5551DD9A1F40090832E /* HitPlayerGameover.wav */; };
		8450B5591DD9A54A0090832E /* BackGroundMusic.mp3 in Resources */ = {isa = PBXBuildFile; fileRef = 8450B5581DD9A54A0090832E /* BackGroundMusic.mp3 */; };
		8496AF031DCDCFBC00B9F908 /* AppDelegate.swift in Sources */ = {isa = PBXBuildFile; fileRef = 8496AF021DCDCFBC00B9F908 /* AppDelegate.swift */; };
		8496AF071DCDCFBC00B9F908 /* GameScene.swift in Sources */ = {isa = PBXBuildFile; fileRef = 8496AF061DCDCFBC00B9F908 /* GameScene.swift */; };
		8496AF091DCDCFBC00B9F908 /* GameViewController.swift in Sources */ = {isa = PBXBuildFile; fileRef = 8496AF081DCDCFBC00B9F908 /* GameViewController.swift */; };
		8496AF0C1DCDCFBC00B9F908 /* Main.storyboard in Resources */ = {isa = PBXBuildFile; fileRef = 8496AF0A1DCDCFBC00B9F908 /* Main.storyboard */; };
		8496AF0E1DCDCFBC00B9F908 /* Assets.xcassets in Resources */ = {isa = PBXBuildFile; fileRef = 8496AF0D1DCDCFBC00B9F908 /* Assets.xcassets */; };
		8496AF111DCDCFBC00B9F908 /* LaunchScreen.storyboard in Resources */ = {isa = PBXBuildFile; fileRef = 8496AF0F1DCDCFBC00B9F908 /* LaunchScreen.storyboard */; };
		84A4C7C61DD4A7F6009CE4FA /* Utils.swift in Sources */ = {isa = PBXBuildFile; fileRef = 84A4C7C51DD4A7F6009CE4FA /* Utils.swift */; };
		84A4C7C91DD4BFB4009CE4FA /* PlayerBulletController.swift in Sources */ = {isa = PBXBuildFile; fileRef = 84A4C7C81DD4BFB4009CE4FA /* PlayerBulletController.swift */; };
		84A4C7CC1DD4C4FA009CE4FA /* Constants.swift in Sources */ = {isa = PBXBuildFile; fileRef = 84A4C7CB1DD4C4FA009CE4FA /* Constants.swift */; };
		84AEC8A31DD6ED8C002FA2A8 /* EnemyBulletController.swift in Sources */ = {isa = PBXBuildFile; fileRef = 84AEC8A21DD6ED8C002FA2A8 /* EnemyBulletController.swift */; };
		84AEC8A51DD6FEE5002FA2A8 /* Controller.swift in Sources */ = {isa = PBXBuildFile; fileRef = 84AEC8A41DD6FEE5002FA2A8 /* Controller.swift */; };
		84AEC8A71DD71230002FA2A8 /* PlayerController.swift in Sources */ = {isa = PBXBuildFile; fileRef = 84AEC8A61DD71230002FA2A8 /* PlayerController.swift */; };
		84AEC8A91DD71AD7002FA2A8 /* EnemyController.swift in Sources */ = {isa = PBXBuildFile; fileRef = 84AEC8A81DD71AD7002FA2A8 /* EnemyController.swift */; };
		84C00D881DDC644B005ECC17 /* EnemyDigonalController.swift in Sources */ = {isa = PBXBuildFile; fileRef = 84C00D871DDC644B005ECC17 /* EnemyDigonalController.swift */; };
		84C00D8A1DDC6BFE005ECC17 /* EnemyBulletDigonalController.swift in Sources */ = {isa = PBXBuildFile; fileRef = 84C00D891DDC6BFE005ECC17 /* EnemyBulletDigonalController.swift */; };
/* End PBXBuildFile section */

/* Begin PBXFileReference section */
		840388F11DD6CB2C00ADC12F /* GameOver.swift */ = {isa = PBXFileReference; fileEncoding = 4; lastKnownFileType = sourcecode.swift; path = GameOver.swift; sourceTree = "<group>"; };
		8450B54E1DD99DFF0090832E /* SoundPlayerBullet.wav */ = {isa = PBXFileReference; lastKnownFileType = audio.wav; name = SoundPlayerBullet.wav; path = ../../SoundPlayerBullet.wav; sourceTree = "<group>"; };
		8450B5501DD99F8F0090832E /* SoundEnemyBullet.wav */ = {isa = PBXFileReference; lastKnownFileType = audio.wav; name = SoundEnemyBullet.wav; path = ../../SoundEnemyBullet.wav; sourceTree = "<group>"; };
		8450B5521DD9A0970090832E /* HitEnemy.wav */ = {isa = PBXFileReference; lastKnownFileType = audio.wav; name = HitEnemy.wav; path = ../../HitEnemy.wav; sourceTree = "<group>"; };
		8450B5541DD9A1F40090832E /* HitPlayer.wav */ = {isa = PBXFileReference; lastKnownFileType = audio.wav; name = HitPlayer.wav; path = ../../HitPlayer.wav; sourceTree = "<group>"; };
		8450B5551DD9A1F40090832E /* HitPlayerGameover.wav */ = {isa = PBXFileReference; lastKnownFileType = audio.wav; name = HitPlayerGameover.wav; path = ../../HitPlayerGameover.wav; sourceTree = "<group>"; };
		8450B5581DD9A54A0090832E /* BackGroundMusic.mp3 */ = {isa = PBXFileReference; lastKnownFileType = audio.mp3; name = BackGroundMusic.mp3; path = ../../BackGroundMusic.mp3; sourceTree = "<group>"; };
		8496AEFF1DCDCFBC00B9F908 /* Sesson1.app */ = {isa = PBXFileReference; explicitFileType = wrapper.application; includeInIndex = 0; path = Sesson1.app; sourceTree = BUILT_PRODUCTS_DIR; };
		8496AF021DCDCFBC00B9F908 /* AppDelegate.swift */ = {isa = PBXFileReference; lastKnownFileType = sourcecode.swift; path = AppDelegate.swift; sourceTree = "<group>"; };
		8496AF061DCDCFBC00B9F908 /* GameScene.swift */ = {isa = PBXFileReference; lastKnownFileType = sourcecode.swift; path = GameScene.swift; sourceTree = "<group>"; };
		8496AF081DCDCFBC00B9F908 /* GameViewController.swift */ = {isa = PBXFileReference; lastKnownFileType = sourcecode.swift; path = GameViewController.swift; sourceTree = "<group>"; };
		8496AF0B1DCDCFBC00B9F908 /* Base */ = {isa = PBXFileReference; lastKnownFileType = file.storyboard; name = Base; path = Base.lproj/Main.storyboard; sourceTree = "<group>"; };
		8496AF0D1DCDCFBC00B9F908 /* Assets.xcassets */ = {isa = PBXFileReference; lastKnownFileType = folder.assetcatalog; path = Assets.xcassets; sourceTree = "<group>"; };
		8496AF101DCDCFBC00B9F908 /* Base */ = {isa = PBXFileReference; lastKnownFileType = file.storyboard; name = Base; path = Base.lproj/LaunchScreen.storyboard; sourceTree = "<group>"; };
		8496AF121DCDCFBC00B9F908 /* Info.plist */ = {isa = PBXFileReference; lastKnownFileType = text.plist.xml; path = Info.plist; sourceTree = "<group>"; };
		84A4C7C51DD4A7F6009CE4FA /* Utils.swift */ = {isa = PBXFileReference; fileEncoding = 4; lastKnownFileType = sourcecode.swift; path = Utils.swift; sourceTree = "<group>"; };
		84A4C7C81DD4BFB4009CE4FA /* PlayerBulletController.swift */ = {isa = PBXFileReference; fileEncoding = 4; lastKnownFileType = sourcecode.swift; path = PlayerBulletController.swift; sourceTree = "<group>"; };
		84A4C7CB1DD4C4FA009CE4FA /* Constants.swift */ = {isa = PBXFileReference; fileEncoding = 4; lastKnownFileType = sourcecode.swift; path = Constants.swift; sourceTree = "<group>"; };
		84AEC8A21DD6ED8C002FA2A8 /* EnemyBulletController.swift */ = {isa = PBXFileReference; fileEncoding = 4; lastKnownFileType = sourcecode.swift; path = EnemyBulletController.swift; sourceTree = "<group>"; };
		84AEC8A41DD6FEE5002FA2A8 /* Controller.swift */ = {isa = PBXFileReference; fileEncoding = 4; lastKnownFileType = sourcecode.swift; path = Controller.swift; sourceTree = "<group>"; };
		84AEC8A61DD71230002FA2A8 /* PlayerController.swift */ = {isa = PBXFileReference; fileEncoding = 4; lastKnownFileType = sourcecode.swift; path = PlayerController.swift; sourceTree = "<group>"; };
		84AEC8A81DD71AD7002FA2A8 /* EnemyController.swift */ = {isa = PBXFileReference; fileEncoding = 4; lastKnownFileType = sourcecode.swift; path = EnemyController.swift; sourceTree = "<group>"; };
		84C00D871DDC644B005ECC17 /* EnemyDigonalController.swift */ = {isa = PBXFileReference; fileEncoding = 4; lastKnownFileType = sourcecode.swift; path = EnemyDigonalController.swift; sourceTree = "<group>"; };
		84C00D891DDC6BFE005ECC17 /* EnemyBulletDigonalController.swift */ = {isa = PBXFileReference; fileEncoding = 4; lastKnownFileType = sourcecode.swift; path = EnemyBulletDigonalController.swift; sourceTree = "<group>"; };
/* End PBXFileReference section */

/* Begin PBXFrameworksBuildPhase section */
		8496AEFC1DCDCFBC00B9F908 /* Frameworks */ = {
			isa = PBXFrameworksBuildPhase;
			buildActionMask = 2147483647;
			files = (
			);
			runOnlyForDeploymentPostprocessing = 0;
		};
/* End PBXFrameworksBuildPhase section */

/* Begin PBXGroup section */
		8450B5451DD998090090832E /* Sound */ = {
			isa = PBXGroup;
			children = (
				8450B5581DD9A54A0090832E /* BackGroundMusic.mp3 */,
				8450B5541DD9A1F40090832E /* HitPlayer.wav */,
				8450B5551DD9A1F40090832E /* HitPlayerGameover.wav */,
				8450B5521DD9A0970090832E /* HitEnemy.wav */,
				8450B5501DD99F8F0090832E /* SoundEnemyBullet.wav */,
				8450B54E1DD99DFF0090832E /* SoundPlayerBullet.wav */,
			);
			name = Sound;
			sourceTree = "<group>";
		};
		8496AEF61DCDCFBC00B9F908 = {
			isa = PBXGroup;
			children = (
				8496AF011DCDCFBC00B9F908 /* Sesson1 */,
				8496AF001DCDCFBC00B9F908 /* Products */,
			);
			sourceTree = "<group>";
		};
		8496AF001DCDCFBC00B9F908 /* Products */ = {
			isa = PBXGroup;
			children = (
				8496AEFF1DCDCFBC00B9F908 /* Sesson1.app */,
			);
			name = Products;
			sourceTree = "<group>";
		};
		8496AF011DCDCFBC00B9F908 /* Sesson1 */ = {
			isa = PBXGroup;
			children = (
				84A4C7CA1DD4C4DE009CE4FA /* Constants */,
				84A4C7C71DD4BF57009CE4FA /* Controllers */,
				8496AF021DCDCFBC00B9F908 /* AppDelegate.swift */,
				8496AF061DCDCFBC00B9F908 /* GameScene.swift */,
				8496AF081DCDCFBC00B9F908 /* GameViewController.swift */,
				8496AF0A1DCDCFBC00B9F908 /* Main.storyboard */,
				8496AF0D1DCDCFBC00B9F908 /* Assets.xcassets */,
				8450B5451DD998090090832E /* Sound */,
				8496AF0F1DCDCFBC00B9F908 /* LaunchScreen.storyboard */,
				8496AF121DCDCFBC00B9F908 /* Info.plist */,
				84A4C7C51DD4A7F6009CE4FA /* Utils.swift */,
				840388F11DD6CB2C00ADC12F /* GameOver.swift */,
			);
			path = Sesson1;
			sourceTree = "<group>";
		};
		84A4C7C71DD4BF57009CE4FA /* Controllers */ = {
			isa = PBXGroup;
			children = (
				84A4C7C81DD4BFB4009CE4FA /* PlayerBulletController.swift */,
				84AEC8A21DD6ED8C002FA2A8 /* EnemyBulletController.swift */,
				84C00D891DDC6BFE005ECC17 /* EnemyBulletDigonalController.swift */,
				84AEC8A41DD6FEE5002FA2A8 /* Controller.swift */,
				84AEC8A61DD71230002FA2A8 /* PlayerController.swift */,
				84AEC8A81DD71AD7002FA2A8 /* EnemyController.swift */,
				84C00D871DDC644B005ECC17 /* EnemyDigonalController.swift */,
			);
			name = Controllers;
			sourceTree = "<group>";
		};
		84A4C7CA1DD4C4DE009CE4FA /* Constants */ = {
			isa = PBXGroup;
			children = (
				84A4C7CB1DD4C4FA009CE4FA /* Constants.swift */,
			);
			name = Constants;
			sourceTree = "<group>";
		};
/* End PBXGroup section */

/* Begin PBXNativeTarget section */
		8496AEFE1DCDCFBC00B9F908 /* Sesson1 */ = {
			isa = PBXNativeTarget;
			buildConfigurationList = 8496AF151DCDCFBC00B9F908 /* Build configuration list for PBXNativeTarget "Sesson1" */;
			buildPhases = (
				8496AEFB1DCDCFBC00B9F908 /* Sources */,
				8496AEFC1DCDCFBC00B9F908 /* Frameworks */,
				8496AEFD1DCDCFBC00B9F908 /* Resources */,
			);
			buildRules = (
			);
			dependencies = (
			);
			name = Sesson1;
			productName = Sesson1;
			productReference = 8496AEFF1DCDCFBC00B9F908 /* Sesson1.app */;
			productType = "com.apple.product-type.application";
		};
/* End PBXNativeTarget section */

/* Begin PBXProject section */
		8496AEF71DCDCFBC00B9F908 /* Project object */ = {
			isa = PBXProject;
			attributes = {
				LastSwiftUpdateCheck = 0730;
				LastUpgradeCheck = 0730;
				ORGANIZATIONNAME = Techkids;
				TargetAttributes = {
					8496AEFE1DCDCFBC00B9F908 = {
						CreatedOnToolsVersion = 7.3.1;
						LastSwiftMigration = 0810;
					};
				};
			};
			buildConfigurationList = 8496AEFA1DCDCFBC00B9F908 /* Build configuration list for PBXProject "Sesson1" */;
			compatibilityVersion = "Xcode 3.2";
			developmentRegion = English;
			hasScannedForEncodings = 0;
			knownRegions = (
				en,
				Base,
			);
			mainGroup = 8496AEF61DCDCFBC00B9F908;
			productRefGroup = 8496AF001DCDCFBC00B9F908 /* Products */;
			projectDirPath = "";
			projectRoot = "";
			targets = (
				8496AEFE1DCDCFBC00B9F908 /* Sesson1 */,
			);
		};
/* End PBXProject section */

/* Begin PBXResourcesBuildPhase section */
		8496AEFD1DCDCFBC00B9F908 /* Resources */ = {
			isa = PBXResourcesBuildPhase;
			buildActionMask = 2147483647;
			files = (
				8496AF111DCDCFBC00B9F908 /* LaunchScreen.storyboard in Resources */,
				8450B5591DD9A54A0090832E /* BackGroundMusic.mp3 in Resources */,
				8450B5571DD9A1F40090832E /* HitPlayerGameover.wav in Resources */,
				8496AF0E1DCDCFBC00B9F908 /* Assets.xcassets in Resources */,
				8496AF0C1DCDCFBC00B9F908 /* Main.storyboard in Resources */,
				8450B54F1DD99DFF0090832E /* SoundPlayerBullet.wav in Resources */,
				8450B5561DD9A1F40090832E /* HitPlayer.wav in Resources */,
				8450B5511DD99F8F0090832E /* SoundEnemyBullet.wav in Resources */,
				8450B5531DD9A0970090832E /* HitEnemy.wav in Resources */,
			);
			runOnlyForDeploymentPostprocessing = 0;
		};
/* End PBXResourcesBuildPhase section */

/* Begin PBXSourcesBuildPhase section */
		8496AEFB1DCDCFBC00B9F908 /* Sources */ = {
			isa = PBXSourcesBuildPhase;
			buildActionMask = 2147483647;
			files = (
				84AEC8A51DD6FEE5002FA2A8 /* Controller.swift in Sources */,
				84AEC8A31DD6ED8C002FA2A8 /* EnemyBulletController.swift in Sources */,
				8496AF071DCDCFBC00B9F908 /* GameScene.swift in Sources */,
				8496AF091DCDCFBC00B9F908 /* GameViewController.swift in Sources */,
				840388F21DD6CB2C00ADC12F /* GameOver.swift in Sources */,
				84C00D8A1DDC6BFE005ECC17 /* EnemyBulletDigonalController.swift in Sources */,
				8496AF031DCDCFBC00B9F908 /* AppDelegate.swift in Sources */,
				84A4C7C91DD4BFB4009CE4FA /* PlayerBulletController.swift in Sources */,
				84A4C7C61DD4A7F6009CE4FA /* Utils.swift in Sources */,
				84AEC8A91DD71AD7002FA2A8 /* EnemyController.swift in Sources */,
				84AEC8A71DD71230002FA2A8 /* PlayerController.swift in Sources */,
				84A4C7CC1DD4C4FA009CE4FA /* Constants.swift in Sources */,
				84C00D881DDC644B005ECC17 /* EnemyDigonalController.swift in Sources */,
			);
			runOnlyForDeploymentPostprocessing = 0;
		};
/* End PBXSourcesBuildPhase section */

/* Begin PBXVariantGroup section */
		8496AF0A1DCDCFBC00B9F908 /* Main.storyboard */ = {
			isa = PBXVariantGroup;
			children = (
				8496AF0B1DCDCFBC00B9F908 /* Base */,
			);
			name = Main.storyboard;
			sourceTree = "<group>";
		};
		8496AF0F1DCDCFBC00B9F908 /* LaunchScreen.storyboard */ = {
			isa = PBXVariantGroup;
			children = (
				8496AF101DCDCFBC00B9F908 /* Base */,
			);
			name = LaunchScreen.storyboard;
			sourceTree = "<group>";
		};
/* End PBXVariantGroup section */

/* Begin XCBuildConfiguration section */
		8496AF131DCDCFBC00B9F908 /* Debug */ = {
			isa = XCBuildConfiguration;
			buildSettings = {
				ALWAYS_SEARCH_USER_PATHS = NO;
				CLANG_ANALYZER_NONNULL = YES;
				CLANG_CXX_LANGUAGE_STANDARD = "gnu++0x";
				CLANG_CXX_LIBRARY = "libc++";
				CLANG_ENABLE_MODULES = YES;
				CLANG_ENABLE_OBJC_ARC = YES;
				CLANG_WARN_BOOL_CONVERSION = YES;
				CLANG_WARN_CONSTANT_CONVERSION = YES;
				CLANG_WARN_DIRECT_OBJC_ISA_USAGE = YES_ERROR;
				CLANG_WARN_EMPTY_BODY = YES;
				CLANG_WARN_ENUM_CONVERSION = YES;
				CLANG_WARN_INT_CONVERSION = YES;
				CLANG_WARN_OBJC_ROOT_CLASS = YES_ERROR;
				CLANG_WARN_UNREACHABLE_CODE = YES;
				CLANG_WARN__DUPLICATE_METHOD_MATCH = YES;
				"CODE_SIGN_IDENTITY[sdk=iphoneos*]" = "iPhone Developer";
				COPY_PHASE_STRIP = NO;
				DEBUG_INFORMATION_FORMAT = "dwarf-with-dsym";
				ENABLE_STRICT_OBJC_MSGSEND = YES;
				ENABLE_TESTABILITY = YES;
				GCC_C_LANGUAGE_STANDARD = gnu99;
				GCC_DYNAMIC_NO_PIC = NO;
				GCC_NO_COMMON_BLOCKS = YES;
				GCC_OPTIMIZATION_LEVEL = 0;
				GCC_PREPROCESSOR_DEFINITIONS = (
					"DEBUG=1",
					"$(inherited)",
				);
				GCC_WARN_64_TO_32_BIT_CONVERSION = YES;
				GCC_WARN_ABOUT_RETURN_TYPE = YES_ERROR;
				GCC_WARN_UNDECLARED_SELECTOR = YES;
				GCC_WARN_UNINITIALIZED_AUTOS = YES_AGGRESSIVE;
				GCC_WARN_UNUSED_FUNCTION = YES;
				GCC_WARN_UNUSED_VARIABLE = YES;
				IPHONEOS_DEPLOYMENT_TARGET = 9.3;
				MTL_ENABLE_DEBUG_INFO = YES;
				ONLY_ACTIVE_ARCH = YES;
				SDKROOT = iphoneos;
				SWIFT_OPTIMIZATION_LEVEL = "-Onone";
			};
			name = Debug;
		};
		8496AF141DCDCFBC00B9F908 /* Release */ = {
			isa = XCBuildConfiguration;
			buildSettings = {
				ALWAYS_SEARCH_USER_PATHS = NO;
				CLANG_ANALYZER_NONNULL = YES;
				CLANG_CXX_LANGUAGE_STANDARD = "gnu++0x";
				CLANG_CXX_LIBRARY = "libc++";
				CLANG_ENABLE_MODULES = YES;
				CLANG_ENABLE_OBJC_ARC = YES;
				CLANG_WARN_BOOL_CONVERSION = YES;
				CLANG_WARN_CONSTANT_CONVERSION = YES;
				CLANG_WARN_DIRECT_OBJC_ISA_USAGE = YES_ERROR;
				CLANG_WARN_EMPTY_BODY = YES;
				CLANG_WARN_ENUM_CONVERSION = YES;
				CLANG_WARN_INT_CONVERSION = YES;
				CLANG_WARN_OBJC_ROOT_CLASS = YES_ERROR;
				CLANG_WARN_UNREACHABLE_CODE = YES;
				CLANG_WARN__DUPLICATE_METHOD_MATCH = YES;
				"CODE_SIGN_IDENTITY[sdk=iphoneos*]" = "iPhone Developer";
				COPY_PHASE_STRIP = NO;
				DEBUG_INFORMATION_FORMAT = "dwarf-with-dsym";
				ENABLE_NS_ASSERTIONS = NO;
				ENABLE_STRICT_OBJC_MSGSEND = YES;
				GCC_C_LANGUAGE_STANDARD = gnu99;
				GCC_NO_COMMON_BLOCKS = YES;
				GCC_WARN_64_TO_32_BIT_CONVERSION = YES;
				GCC_WARN_ABOUT_RETURN_TYPE = YES_ERROR;
				GCC_WARN_UNDECLARED_SELECTOR = YES;
				GCC_WARN_UNINITIALIZED_AUTOS = YES_AGGRESSIVE;
				GCC_WARN_UNUSED_FUNCTION = YES;
				GCC_WARN_UNUSED_VARIABLE = YES;
				IPHONEOS_DEPLOYMENT_TARGET = 9.3;
				MTL_ENABLE_DEBUG_INFO = NO;
				SDKROOT = iphoneos;
				VALIDATE_PRODUCT = YES;
			};
			name = Release;
		};
		8496AF161DCDCFBC00B9F908 /* Debug */ = {
			isa = XCBuildConfiguration;
			buildSettings = {
				ASSETCATALOG_COMPILER_APPICON_NAME = AppIcon;
				INFOPLIST_FILE = Sesson1/Info.plist;
				IPHONEOS_DEPLOYMENT_TARGET = 8;
				LD_RUNPATH_SEARCH_PATHS = "$(inherited) @executable_path/Frameworks";
				PRODUCT_BUNDLE_IDENTIFIER = vn.techkids.Sesson1;
				PRODUCT_NAME = "$(TARGET_NAME)";
				SWIFT_VERSION = 3.0;
			};
			name = Debug;
		};
		8496AF171DCDCFBC00B9F908 /* Release */ = {
			isa = XCBuildConfiguration;
			buildSettings = {
				ASSETCATALOG_COMPILER_APPICON_NAME = AppIcon;
				INFOPLIST_FILE = Sesson1/Info.plist;
				IPHONEOS_DEPLOYMENT_TARGET = 8;
				LD_RUNPATH_SEARCH_PATHS = "$(inherited) @executable_path/Frameworks";
				PRODUCT_BUNDLE_IDENTIFIER = vn.techkids.Sesson1;
				PRODUCT_NAME = "$(TARGET_NAME)";
				SWIFT_VERSION = 3.0;
			};
			name = Release;
		};
/* End XCBuildConfiguration section */

/* Begin XCConfigurationList section */
		8496AEFA1DCDCFBC00B9F908 /* Build configuration list for PBXProject "Sesson1" */ = {
			isa = XCConfigurationList;
			buildConfigurations = (
				8496AF131DCDCFBC00B9F908 /* Debug */,
				8496AF141DCDCFBC00B9F908 /* Release */,
			);
			defaultConfigurationIsVisible = 0;
			defaultConfigurationName = Release;
		};
		8496AF151DCDCFBC00B9F908 /* Build configuration list for PBXNativeTarget "Sesson1" */ = {
			isa = XCConfigurationList;
			buildConfigurations = (
				8496AF161DCDCFBC00B9F908 /* Debug */,
				8496AF171DCDCFBC00B9F908 /* Release */,
			);
			defaultConfigurationIsVisible = 0;
			defaultConfigurationName = Release;
		};
/* End XCConfigurationList section */
	};
	rootObject = 8496AEF71DCDCFBC00B9F908 /* Project object */;
}
